
Microsoft Visual Studio Solution File, Format Version 12.00
# Visual Studio Version 17
VisualStudioVersion = 17.7.34024.191
MinimumVisualStudioVersion = 10.0.40219.1
Project("{9A19103F-16F7-4668-BE54-9A1E7A4F7556}") = "NewsletterWebApi", "NewsletterWebApi\NewsletterWebApi.csproj", "{7626BC5D-837B-4414-B675-90862D4DD2BA}"
EndProject
Project("{2150E333-8FDC-42A3-9474-1A3956D46DE8}") = "E-Commerce-MVC", "E-Commerce-MVC", "{FD635D2C-7419-43D1-9FC2-AC6D29FE87D0}"
EndProject
Project("{9A19103F-16F7-4668-BE54-9A1E7A4F7556}") = "ECommerceMVC", "ECommerceMVC\ECommerceMVC.csproj", "{89AC8B86-6194-472D-90B1-80BBD6EBED0D}"
EndProject
Project("{9A19103F-16F7-4668-BE54-9A1E7A4F7556}") = "Application", "Application\Application.csproj", "{92694FF2-6BF1-439B-9850-730D349EF5D0}"
EndProject
Project("{9A19103F-16F7-4668-BE54-9A1E7A4F7556}") = "DataAccess", "DataAccess\DataAccess.csproj", "{2073EE10-A4F7-480E-AB05-6A68B4EECCB3}"
EndProject
Project("{9A19103F-16F7-4668-BE54-9A1E7A4F7556}") = "Entity", "Entity\Entity.csproj", "{6B8AA511-E51D-4CB3-B4E6-36E4493071C9}"
EndProject
Project("{9A19103F-16F7-4668-BE54-9A1E7A4F7556}") = "Service", "Service\Service.csproj", "{B6A90A0A-6CC5-482C-9949-A5C949790FA7}"
EndProject
Project("{FAE04EC0-301F-11D3-BF4B-00C04F79EFBC}") = "CreateAQuiz-MVC", "CreateAQuiz-MVC\CreateAQuiz-MVC.csproj", "{3C349146-4B7E-4FDA-B7FB-08DE01D4BABA}"
EndProject
Project("{FAE04EC0-301F-11D3-BF4B-00C04F79EFBC}") = "OrderAppWebApi", "OrderAppWebApi\OrderAppWebApi.csproj", "{32350AF4-FE39-43C6-8203-D99B39F46CDA}"
EndProject
Global
	GlobalSection(SolutionConfigurationPlatforms) = preSolution
		Debug|Any CPU = Debug|Any CPU
		Release|Any CPU = Release|Any CPU
	EndGlobalSection
	GlobalSection(ProjectConfigurationPlatforms) = postSolution
		{7626BC5D-837B-4414-B675-90862D4DD2BA}.Debug|Any CPU.ActiveCfg = Debug|Any CPU
		{7626BC5D-837B-4414-B675-90862D4DD2BA}.Debug|Any CPU.Build.0 = Debug|Any CPU
		{7626BC5D-837B-4414-B675-90862D4DD2BA}.Release|Any CPU.ActiveCfg = Release|Any CPU
		{7626BC5D-837B-4414-B675-90862D4DD2BA}.Release|Any CPU.Build.0 = Release|Any CPU
		{89AC8B86-6194-472D-90B1-80BBD6EBED0D}.Debug|Any CPU.ActiveCfg = Debug|Any CPU
		{89AC8B86-6194-472D-90B1-80BBD6EBED0D}.Debug|Any CPU.Build.0 = Debug|Any CPU
		{89AC8B86-6194-472D-90B1-80BBD6EBED0D}.Release|Any CPU.ActiveCfg = Release|Any CPU
		{89AC8B86-6194-472D-90B1-80BBD6EBED0D}.Release|Any CPU.Build.0 = Release|Any CPU
		{92694FF2-6BF1-439B-9850-730D349EF5D0}.Debug|Any CPU.ActiveCfg = Debug|Any CPU
		{92694FF2-6BF1-439B-9850-730D349EF5D0}.Debug|Any CPU.Build.0 = Debug|Any CPU
		{92694FF2-6BF1-439B-9850-730D349EF5D0}.Release|Any CPU.ActiveCfg = Release|Any CPU
		{92694FF2-6BF1-439B-9850-730D349EF5D0}.Release|Any CPU.Build.0 = Release|Any CPU
		{2073EE10-A4F7-480E-AB05-6A68B4EECCB3}.Debug|Any CPU.ActiveCfg = Debug|Any CPU
		{2073EE10-A4F7-480E-AB05-6A68B4EECCB3}.Debug|Any CPU.Build.0 = Debug|Any CPU
		{2073EE10-A4F7-480E-AB05-6A68B4EECCB3}.Release|Any CPU.ActiveCfg = Release|Any CPU
		{2073EE10-A4F7-480E-AB05-6A68B4EECCB3}.Release|Any CPU.Build.0 = Release|Any CPU
		{6B8AA511-E51D-4CB3-B4E6-36E4493071C9}.Debug|Any CPU.ActiveCfg = Debug|Any CPU
		{6B8AA511-E51D-4CB3-B4E6-36E4493071C9}.Debug|Any CPU.Build.0 = Debug|Any CPU
		{6B8AA511-E51D-4CB3-B4E6-36E4493071C9}.Release|Any CPU.ActiveCfg = Release|Any CPU
		{6B8AA511-E51D-4CB3-B4E6-36E4493071C9}.Release|Any CPU.Build.0 = Release|Any CPU
		{B6A90A0A-6CC5-482C-9949-A5C949790FA7}.Debug|Any CPU.ActiveCfg = Debug|Any CPU
		{B6A90A0A-6CC5-482C-9949-A5C949790FA7}.Debug|Any CPU.Build.0 = Debug|Any CPU
		{B6A90A0A-6CC5-482C-9949-A5C949790FA7}.Release|Any CPU.ActiveCfg = Release|Any CPU
		{B6A90A0A-6CC5-482C-9949-A5C949790FA7}.Release|Any CPU.Build.0 = Release|Any CPU
		{3C349146-4B7E-4FDA-B7FB-08DE01D4BABA}.Debug|Any CPU.ActiveCfg = Debug|Any CPU
		{3C349146-4B7E-4FDA-B7FB-08DE01D4BABA}.Debug|Any CPU.Build.0 = Debug|Any CPU
		{3C349146-4B7E-4FDA-B7FB-08DE01D4BABA}.Release|Any CPU.ActiveCfg = Release|Any CPU
		{3C349146-4B7E-4FDA-B7FB-08DE01D4BABA}.Release|Any CPU.Build.0 = Release|Any CPU
		{32350AF4-FE39-43C6-8203-D99B39F46CDA}.Debug|Any CPU.ActiveCfg = Debug|Any CPU
		{32350AF4-FE39-43C6-8203-D99B39F46CDA}.Debug|Any CPU.Build.0 = Debug|Any CPU
		{32350AF4-FE39-43C6-8203-D99B39F46CDA}.Release|Any CPU.ActiveCfg = Release|Any CPU
		{32350AF4-FE39-43C6-8203-D99B39F46CDA}.Release|Any CPU.Build.0 = Release|Any CPU
	EndGlobalSection
	GlobalSection(SolutionProperties) = preSolution
		HideSolutionNode = FALSE
	EndGlobalSection
	GlobalSection(NestedProjects) = preSolution
		{89AC8B86-6194-472D-90B1-80BBD6EBED0D} = {FD635D2C-7419-43D1-9FC2-AC6D29FE87D0}
		{92694FF2-6BF1-439B-9850-730D349EF5D0} = {FD635D2C-7419-43D1-9FC2-AC6D29FE87D0}
		{2073EE10-A4F7-480E-AB05-6A68B4EECCB3} = {FD635D2C-7419-43D1-9FC2-AC6D29FE87D0}
		{6B8AA511-E51D-4CB3-B4E6-36E4493071C9} = {FD635D2C-7419-43D1-9FC2-AC6D29FE87D0}
		{B6A90A0A-6CC5-482C-9949-A5C949790FA7} = {FD635D2C-7419-43D1-9FC2-AC6D29FE87D0}
	EndGlobalSection
	GlobalSection(ExtensibilityGlobals) = postSolution
		SolutionGuid = {374338B0-309C-4B91-AD9D-256C44A732B1}
	EndGlobalSection
EndGlobal
